<?xml version="1.0" encoding="utf-8"?>
<Project ToolsVersion="4.0" xmlns="http://schemas.microsoft.com/developer/msbuild/2003">
  <ItemGroup>
    <Filter Include="소스 파일">
      <UniqueIdentifier>{4FC737F1-C7A5-4376-A066-2A32D752A2FF}</UniqueIdentifier>
      <Extensions>cpp;c;cc;cxx;c++;cppm;ixx;def;odl;idl;hpj;bat;asm;asmx</Extensions>
    </Filter>
    <Filter Include="헤더 파일">
      <UniqueIdentifier>{93995380-89BD-4b04-88EB-625FBE52EBFB}</UniqueIdentifier>
      <Extensions>h;hh;hpp;hxx;h++;hm;inl;inc;ipp;xsd</Extensions>
    </Filter>
    <Filter Include="리소스 파일">
      <UniqueIdentifier>{67DA6AB6-F800-4c08-8B7A-83BB121AAD01}</UniqueIdentifier>
      <Extensions>rc;ico;cur;bmp;dlg;rc2;rct;bin;rgs;gif;jpg;jpeg;jpe;resx;tiff;tif;png;wav;mfcribbon-ms</Extensions>
    </Filter>
    <Filter Include="소스 파일\Parant">
      <UniqueIdentifier>{278a8b2e-82a1-43f8-b086-b5c1b9399bc2}</UniqueIdentifier>
    </Filter>
    <Filter Include="소스 파일\Parant\Child">
      <UniqueIdentifier>{8eefa471-b443-4ac5-99a3-dd3af595f949}</UniqueIdentifier>
    </Filter>
    <Filter Include="소스 파일\Parant\Bullet">
      <UniqueIdentifier>{6ad7e872-928b-4056-9b01-93b19afeb316}</UniqueIdentifier>
    </Filter>
  </ItemGroup>
  <ItemGroup>
    <ClCompile Include="main.cpp">
      <Filter>소스 파일</Filter>
    </ClCompile>
    <ClCompile Include="Child.cpp">
      <Filter>소스 파일\Parant\Child</Filter>
    </ClCompile>
    <ClCompile Include="Parent.cpp">
      <Filter>소스 파일\Parant</Filter>
    </ClCompile>
    <ClCompile Include="Bullet.cpp">
      <Filter>소스 파일\Parant\Bullet</Filter>
    </ClCompile>
  </ItemGroup>
  <ItemGroup>
    <ClInclude Include="Headers.h">
      <Filter>헤더 파일</Filter>
    </ClInclude>
    <ClInclude Include="Child.h">
      <Filter>소스 파일\Parant\Child</Filter>
    </ClInclude>
    <ClInclude Include="Parent.h">
      <Filter>소스 파일\Parant</Filter>
    </ClInclude>
    <ClInclude Include="Bullet.h">
      <Filter>소스 파일\Parant\Bullet</Filter>
    </ClInclude>
  </ItemGroup>
</Project>